
Microsoft Visual Studio Solution File, Format Version 12.00
# Visual Studio Version 17
VisualStudioVersion = 17.2.32616.157
MinimumVisualStudioVersion = 10.0.40219.1
Project("{FAE04EC0-301F-11D3-BF4B-00C04F79EFBC}") = "SortNumericallyThenAlphabetically", "SortNumericallyThenAlphabetically\SortNumericallyThenAlphabetically.csproj", "{A2237F78-AA62-4159-BCCA-A1C849784668}"
EndProject
Global
	GlobalSection(SolutionConfigurationPlatforms) = preSolution
		Debug|Any CPU = Debug|Any CPU
		Release|Any CPU = Release|Any CPU
	EndGlobalSection
	GlobalSection(ProjectConfigurationPlatforms) = postSolution
		{A2237F78-AA62-4159-BCCA-A1C849784668}.Debug|Any CPU.ActiveCfg = Debug|Any CPU
		{A2237F78-AA62-4159-BCCA-A1C849784668}.Debug|Any CPU.Build.0 = Debug|Any CPU
		{A2237F78-AA62-4159-BCCA-A1C849784668}.Release|Any CPU.ActiveCfg = Release|Any CPU
		{A2237F78-AA62-4159-BCCA-A1C849784668}.Release|Any CPU.Build.0 = Release|Any CPU
	EndGlobalSection
	GlobalSection(SolutionProperties) = preSolution
		HideSolutionNode = FALSE
	EndGlobalSection
	GlobalSection(ExtensibilityGlobals) = postSolution
		SolutionGuid = {30E1AE57-B2F1-4A3F-9F03-E65700B5D259}
	EndGlobalSection
EndGlobal
